{
  "pins" : [
    {
      "identity" : "aws-sdk-ios-spm",
      "kind" : "remoteSourceControl",
      "location" : "https://github.com/aws-amplify/aws-sdk-ios-spm",
      "state" : {
        "revision" : "ae4052f95e8afca4866abae75f83b395fcdeb9b9",
        "version" : "2.28.1"
      }
    },
    {
      "identity" : "new-spm-library",
      "kind" : "remoteSourceControl",
      "location" : "https://github.com/vlasty-proglove/new-spm-library",
      "state" : {
        "branch" : "main",
        "revision" : "ad5fb358dc9f92f1a3f087e5a22114389c5c0cf5"
      }
    }
  ],
  "version" : 2
}
